// !$*UTF8*$!
{
	archiveVersion = 1;
	classes = {
	};
	objectVersion = 56;
	objects = {

/* Begin PBXBuildFile section */
		780D99A72BCC5562001BCDB2 /* GreetingsLaunchScreen.storyboard in Resources */ = {isa = PBXBuildFile; fileRef = 780D99A62BCC5562001BCDB2 /* GreetingsLaunchScreen.storyboard */; };
		780D99A92BCC5939001BCDB2 /* Localizable.xcstrings in Resources */ = {isa = PBXBuildFile; fileRef = 780D99A82BCC5939001BCDB2 /* Localizable.xcstrings */; };
		780D99AB2BCC5FFF001BCDB2 /* TextView.swift in Sources */ = {isa = PBXBuildFile; fileRef = 780D99AA2BCC5FFF001BCDB2 /* TextView.swift */; };
		780D99AD2BCC603E001BCDB2 /* TitleView.swift in Sources */ = {isa = PBXBuildFile; fileRef = 780D99AC2BCC603E001BCDB2 /* TitleView.swift */; };
		780D99AF2BCC605A001BCDB2 /* MessagesView.swift in Sources */ = {isa = PBXBuildFile; fileRef = 780D99AE2BCC605A001BCDB2 /* MessagesView.swift */; };
		780D99B12BCC6075001BCDB2 /* BackgroundView.swift in Sources */ = {isa = PBXBuildFile; fileRef = 780D99B02BCC6075001BCDB2 /* BackgroundView.swift */; };
		780D99B32BCC609B001BCDB2 /* MessageModel.swift in Sources */ = {isa = PBXBuildFile; fileRef = 780D99B22BCC609B001BCDB2 /* MessageModel.swift */; };
		780D99B72BCC6286001BCDB2 /* LandscapeMainView.swift in Sources */ = {isa = PBXBuildFile; fileRef = 780D99B62BCC6286001BCDB2 /* LandscapeMainView.swift */; };
		780D99B92BCC65C5001BCDB2 /* LaunchView.swift in Sources */ = {isa = PBXBuildFile; fileRef = 780D99B82BCC65C5001BCDB2 /* LaunchView.swift */; };
		78FB158D2BCBA452009C02EB /* GreetingsApp.swift in Sources */ = {isa = PBXBuildFile; fileRef = 78FB158C2BCBA452009C02EB /* GreetingsApp.swift */; };
		78FB158F2BCBA452009C02EB /* MainView.swift in Sources */ = {isa = PBXBuildFile; fileRef = 78FB158E2BCBA452009C02EB /* MainView.swift */; };
		78FB15912BCBA455009C02EB /* Assets.xcassets in Resources */ = {isa = PBXBuildFile; fileRef = 78FB15902BCBA455009C02EB /* Assets.xcassets */; };
		78FB15942BCBA455009C02EB /* Preview Assets.xcassets in Resources */ = {isa = PBXBuildFile; fileRef = 78FB15932BCBA455009C02EB /* Preview Assets.xcassets */; };
/* End PBXBuildFile section */

/* Begin PBXFileReference section */
		780D99A62BCC5562001BCDB2 /* GreetingsLaunchScreen.storyboard */ = {isa = PBXFileReference; lastKnownFileType = file.storyboard; path = GreetingsLaunchScreen.storyboard; sourceTree = "<group>"; };
		780D99A82BCC5939001BCDB2 /* Localizable.xcstrings */ = {isa = PBXFileReference; lastKnownFileType = text.json.xcstrings; path = Localizable.xcstrings; sourceTree = "<group>"; };
		780D99AA2BCC5FFF001BCDB2 /* TextView.swift */ = {isa = PBXFileReference; lastKnownFileType = sourcecode.swift; path = TextView.swift; sourceTree = "<group>"; };
		780D99AC2BCC603E001BCDB2 /* TitleView.swift */ = {isa = PBXFileReference; lastKnownFileType = sourcecode.swift; path = TitleView.swift; sourceTree = "<group>"; };
		780D99AE2BCC605A001BCDB2 /* MessagesView.swift */ = {isa = PBXFileReference; lastKnownFileType = sourcecode.swift; path = MessagesView.swift; sourceTree = "<group>"; };
		780D99B02BCC6075001BCDB2 /* BackgroundView.swift */ = {isa = PBXFileReference; lastKnownFileType = sourcecode.swift; path = BackgroundView.swift; sourceTree = "<group>"; };
		780D99B22BCC609B001BCDB2 /* MessageModel.swift */ = {isa = PBXFileReference; lastKnownFileType = sourcecode.swift; path = MessageModel.swift; sourceTree = "<group>"; };
		780D99B62BCC6286001BCDB2 /* LandscapeMainView.swift */ = {isa = PBXFileReference; lastKnownFileType = sourcecode.swift; path = LandscapeMainView.swift; sourceTree = SOURCE_ROOT; };
		780D99B82BCC65C5001BCDB2 /* LaunchView.swift */ = {isa = PBXFileReference; lastKnownFileType = sourcecode.swift; path = LaunchView.swift; sourceTree = "<group>"; };
		78FB15892BCBA452009C02EB /* Greetings.app */ = {isa = PBXFileReference; explicitFileType = wrapper.application; includeInIndex = 0; path = Greetings.app; sourceTree = BUILT_PRODUCTS_DIR; };
		78FB158C2BCBA452009C02EB /* GreetingsApp.swift */ = {isa = PBXFileReference; lastKnownFileType = sourcecode.swift; path = GreetingsApp.swift; sourceTree = "<group>"; };
		78FB158E2BCBA452009C02EB /* MainView.swift */ = {isa = PBXFileReference; lastKnownFileType = sourcecode.swift; path = MainView.swift; sourceTree = "<group>"; };
		78FB15902BCBA455009C02EB /* Assets.xcassets */ = {isa = PBXFileReference; lastKnownFileType = folder.assetcatalog; path = Assets.xcassets; sourceTree = "<group>"; };
		78FB15932BCBA455009C02EB /* Preview Assets.xcassets */ = {isa = PBXFileReference; lastKnownFileType = folder.assetcatalog; path = "Preview Assets.xcassets"; sourceTree = "<group>"; };
/* End PBXFileReference section */

/* Begin PBXFrameworksBuildPhase section */
		78FB15862BCBA452009C02EB /* Frameworks */ = {
			isa = PBXFrameworksBuildPhase;
			buildActionMask = 2147483647;
			files = (
			);
			runOnlyForDeploymentPostprocessing = 0;
		};
/* End PBXFrameworksBuildPhase section */

/* Begin PBXGroup section */
		780D99B42BCC61DC001BCDB2 /* Views */ = {
			isa = PBXGroup;
			children = (
				780D99B62BCC6286001BCDB2 /* LandscapeMainView.swift */,
				78FB158E2BCBA452009C02EB /* MainView.swift */,
				780D99B82BCC65C5001BCDB2 /* LaunchView.swift */,
				780D99B02BCC6075001BCDB2 /* BackgroundView.swift */,
				780D99AE2BCC605A001BCDB2 /* MessagesView.swift */,
				780D99AC2BCC603E001BCDB2 /* TitleView.swift */,
				780D99AA2BCC5FFF001BCDB2 /* TextView.swift */,
			);
			path = Views;
			sourceTree = "<group>";
		};
		780D99B52BCC61E8001BCDB2 /* Model */ = {
			isa = PBXGroup;
			children = (
				780D99B22BCC609B001BCDB2 /* MessageModel.swift */,
			);
			path = Model;
			sourceTree = "<group>";
		};
		78FB15802BCBA452009C02EB = {
			isa = PBXGroup;
			children = (
				78FB158B2BCBA452009C02EB /* Greetings */,
				78FB158A2BCBA452009C02EB /* Products */,
			);
			sourceTree = "<group>";
		};
		78FB158A2BCBA452009C02EB /* Products */ = {
			isa = PBXGroup;
			children = (
				78FB15892BCBA452009C02EB /* Greetings.app */,
			);
			name = Products;
			sourceTree = "<group>";
		};
		78FB158B2BCBA452009C02EB /* Greetings */ = {
			isa = PBXGroup;
			children = (
				780D99B52BCC61E8001BCDB2 /* Model */,
				780D99B42BCC61DC001BCDB2 /* Views */,
				78FB158C2BCBA452009C02EB /* GreetingsApp.swift */,
				78FB15902BCBA455009C02EB /* Assets.xcassets */,
				78FB15922BCBA455009C02EB /* Preview Content */,
				780D99A62BCC5562001BCDB2 /* GreetingsLaunchScreen.storyboard */,
				780D99A82BCC5939001BCDB2 /* Localizable.xcstrings */,
			);
			path = Greetings;
			sourceTree = "<group>";
		};
		78FB15922BCBA455009C02EB /* Preview Content */ = {
			isa = PBXGroup;
			children = (
				78FB15932BCBA455009C02EB /* Preview Assets.xcassets */,
			);
			path = "Preview Content";
			sourceTree = "<group>";
		};
/* End PBXGroup section */

/* Begin PBXNativeTarget section */
		78FB15882BCBA452009C02EB /* Greetings */ = {
			isa = PBXNativeTarget;
			buildConfigurationList = 78FB15972BCBA455009C02EB /* Build configuration list for PBXNativeTarget "Greetings" */;
			buildPhases = (
				78FB15852BCBA452009C02EB /* Sources */,
				78FB15862BCBA452009C02EB /* Frameworks */,
				78FB15872BCBA452009C02EB /* Resources */,
			);
			buildRules = (
			);
			dependencies = (
			);
			name = Greetings;
			productName = Greetings;
			productReference = 78FB15892BCBA452009C02EB /* Greetings.app */;
			productType = "com.apple.product-type.application";
		};
/* End PBXNativeTarget section */

/* Begin PBXProject section */
		78FB15812BCBA452009C02EB /* Project object */ = {
			isa = PBXProject;
			attributes = {
				BuildIndependentTargetsInParallel = 1;
				LastSwiftUpdateCheck = 1530;
				LastUpgradeCheck = 1530;
				TargetAttributes = {
					78FB15882BCBA452009C02EB = {
						CreatedOnToolsVersion = 15.3;
					};
				};
			};
			buildConfigurationList = 78FB15842BCBA452009C02EB /* Build configuration list for PBXProject "Greetings" */;
			compatibilityVersion = "Xcode 14.0";
			developmentRegion = en;
			hasScannedForEncodings = 0;
			knownRegions = (
				en,
				Base,
				es,
			);
			mainGroup = 78FB15802BCBA452009C02EB;
			productRefGroup = 78FB158A2BCBA452009C02EB /* Products */;
			projectDirPath = "";
			projectRoot = "";
			targets = (
				78FB15882BCBA452009C02EB /* Greetings */,
			);
		};
/* End PBXProject section */

/* Begin PBXResourcesBuildPhase section */
		78FB15872BCBA452009C02EB /* Resources */ = {
			isa = PBXResourcesBuildPhase;
			buildActionMask = 2147483647;
			files = (
				78FB15942BCBA455009C02EB /* Preview Assets.xcassets in Resources */,
				780D99A72BCC5562001BCDB2 /* GreetingsLaunchScreen.storyboard in Resources */,
				780D99A92BCC5939001BCDB2 /* Localizable.xcstrings in Resources */,
				78FB15912BCBA455009C02EB /* Assets.xcassets in Resources */,
			);
			runOnlyForDeploymentPostprocessing = 0;
		};
/* End PBXResourcesBuildPhase section */

/* Begin PBXSourcesBuildPhase section */
		78FB15852BCBA452009C02EB /* Sources */ = {
			isa = PBXSourcesBuildPhase;
			buildActionMask = 2147483647;
			files = (
				780D99B12BCC6075001BCDB2 /* BackgroundView.swift in Sources */,
				780D99AF2BCC605A001BCDB2 /* MessagesView.swift in Sources */,
				780D99B32BCC609B001BCDB2 /* MessageModel.swift in Sources */,
				780D99AB2BCC5FFF001BCDB2 /* TextView.swift in Sources */,
				78FB158F2BCBA452009C02EB /* MainView.swift in Sources */,
				780D99B72BCC6286001BCDB2 /* LandscapeMainView.swift in Sources */,
				78FB158D2BCBA452009C02EB /* GreetingsApp.swift in Sources */,
				780D99B92BCC65C5001BCDB2 /* LaunchView.swift in Sources */,
				780D99AD2BCC603E001BCDB2 /* TitleView.swift in Sources */,
			);
			runOnlyForDeploymentPostprocessing = 0;
		};
/* End PBXSourcesBuildPhase section */

/* Begin XCBuildConfiguration section */
		78FB15952BCBA455009C02EB /* Debug */ = {
			isa = XCBuildConfiguration;
			buildSettings = {
				ALWAYS_SEARCH_USER_PATHS = NO;
				ASSETCATALOG_COMPILER_GENERATE_SWIFT_ASSET_SYMBOL_EXTENSIONS = YES;
				CLANG_ANALYZER_NONNULL = YES;
				CLANG_ANALYZER_NUMBER_OBJECT_CONVERSION = YES_AGGRESSIVE;
				CLANG_CXX_LANGUAGE_STANDARD = "gnu++20";
				CLANG_ENABLE_MODULES = YES;
				CLANG_ENABLE_OBJC_ARC = YES;
				CLANG_ENABLE_OBJC_WEAK = YES;
				CLANG_WARN_BLOCK_CAPTURE_AUTORELEASING = YES;
				CLANG_WARN_BOOL_CONVERSION = YES;
				CLANG_WARN_COMMA = YES;
				CLANG_WARN_CONSTANT_CONVERSION = YES;
				CLANG_WARN_DEPRECATED_OBJC_IMPLEMENTATIONS = YES;
				CLANG_WARN_DIRECT_OBJC_ISA_USAGE = YES_ERROR;
				CLANG_WARN_DOCUMENTATION_COMMENTS = YES;
				CLANG_WARN_EMPTY_BODY = YES;
				CLANG_WARN_ENUM_CONVERSION = YES;
				CLANG_WARN_INFINITE_RECURSION = YES;
				CLANG_WARN_INT_CONVERSION = YES;
				CLANG_WARN_NON_LITERAL_NULL_CONVERSION = YES;
				CLANG_WARN_OBJC_IMPLICIT_RETAIN_SELF = YES;
				CLANG_WARN_OBJC_LITERAL_CONVERSION = YES;
				CLANG_WARN_OBJC_ROOT_CLASS = YES_ERROR;
				CLANG_WARN_QUOTED_INCLUDE_IN_FRAMEWORK_HEADER = YES;
				CLANG_WARN_RANGE_LOOP_ANALYSIS = YES;
				CLANG_WARN_STRICT_PROTOTYPES = YES;
				CLANG_WARN_SUSPICIOUS_MOVE = YES;
				CLANG_WARN_UNGUARDED_AVAILABILITY = YES_AGGRESSIVE;
				CLANG_WARN_UNREACHABLE_CODE = YES;
				CLANG_WARN__DUPLICATE_METHOD_MATCH = YES;
				COPY_PHASE_STRIP = NO;
				DEBUG_INFORMATION_FORMAT = dwarf;
				ENABLE_STRICT_OBJC_MSGSEND = YES;
				ENABLE_TESTABILITY = YES;
				ENABLE_USER_SCRIPT_SANDBOXING = YES;
				GCC_C_LANGUAGE_STANDARD = gnu17;
				GCC_DYNAMIC_NO_PIC = NO;
				GCC_NO_COMMON_BLOCKS = YES;
				GCC_OPTIMIZATION_LEVEL = 0;
				GCC_PREPROCESSOR_DEFINITIONS = (
					"DEBUG=1",
					"$(inherited)",
				);
				GCC_WARN_64_TO_32_BIT_CONVERSION = YES;
				GCC_WARN_ABOUT_RETURN_TYPE = YES_ERROR;
				GCC_WARN_UNDECLARED_SELECTOR = YES;
				GCC_WARN_UNINITIALIZED_AUTOS = YES_AGGRESSIVE;
				GCC_WARN_UNUSED_FUNCTION = YES;
				GCC_WARN_UNUSED_VARIABLE = YES;
				IPHONEOS_DEPLOYMENT_TARGET = 17.4;
				LOCALIZATION_PREFERS_STRING_CATALOGS = YES;
				MTL_ENABLE_DEBUG_INFO = INCLUDE_SOURCE;
				MTL_FAST_MATH = YES;
				ONLY_ACTIVE_ARCH = YES;
				SDKROOT = iphoneos;
				SWIFT_ACTIVE_COMPILATION_CONDITIONS = "DEBUG $(inherited)";
				SWIFT_OPTIMIZATION_LEVEL = "-Onone";
			};
			name = Debug;
		};
		78FB15962BCBA455009C02EB /* Release */ = {
			isa = XCBuildConfiguration;
			buildSettings = {
				ALWAYS_SEARCH_USER_PATHS = NO;
				ASSETCATALOG_COMPILER_GENERATE_SWIFT_ASSET_SYMBOL_EXTENSIONS = YES;
				CLANG_ANALYZER_NONNULL = YES;
				CLANG_ANALYZER_NUMBER_OBJECT_CONVERSION = YES_AGGRESSIVE;
				CLANG_CXX_LANGUAGE_STANDARD = "gnu++20";
				CLANG_ENABLE_MODULES = YES;
				CLANG_ENABLE_OBJC_ARC = YES;
				CLANG_ENABLE_OBJC_WEAK = YES;
				CLANG_WARN_BLOCK_CAPTURE_AUTORELEASING = YES;
				CLANG_WARN_BOOL_CONVERSION = YES;
				CLANG_WARN_COMMA = YES;
				CLANG_WARN_CONSTANT_CONVERSION = YES;
				CLANG_WARN_DEPRECATED_OBJC_IMPLEMENTATIONS = YES;
				CLANG_WARN_DIRECT_OBJC_ISA_USAGE = YES_ERROR;
				CLANG_WARN_DOCUMENTATION_COMMENTS = YES;
				CLANG_WARN_EMPTY_BODY = YES;
				CLANG_WARN_ENUM_CONVERSION = YES;
				CLANG_WARN_INFINITE_RECURSION = YES;
				CLANG_WARN_INT_CONVERSION = YES;
				CLANG_WARN_NON_LITERAL_NULL_CONVERSION = YES;
				CLANG_WARN_OBJC_IMPLICIT_RETAIN_SELF = YES;
				CLANG_WARN_OBJC_LITERAL_CONVERSION = YES;
				CLANG_WARN_OBJC_ROOT_CLASS = YES_ERROR;
				CLANG_WARN_QUOTED_INCLUDE_IN_FRAMEWORK_HEADER = YES;
				CLANG_WARN_RANGE_LOOP_ANALYSIS = YES;
				CLANG_WARN_STRICT_PROTOTYPES = YES;
				CLANG_WARN_SUSPICIOUS_MOVE = YES;
				CLANG_WARN_UNGUARDED_AVAILABILITY = YES_AGGRESSIVE;
				CLANG_WARN_UNREACHABLE_CODE = YES;
				CLANG_WARN__DUPLICATE_METHOD_MATCH = YES;
				COPY_PHASE_STRIP = NO;
				DEBUG_INFORMATION_FORMAT = "dwarf-with-dsym";
				ENABLE_NS_ASSERTIONS = NO;
				ENABLE_STRICT_OBJC_MSGSEND = YES;
				ENABLE_USER_SCRIPT_SANDBOXING = YES;
				GCC_C_LANGUAGE_STANDARD = gnu17;
				GCC_NO_COMMON_BLOCKS = YES;
				GCC_WARN_64_TO_32_BIT_CONVERSION = YES;
				GCC_WARN_ABOUT_RETURN_TYPE = YES_ERROR;
				GCC_WARN_UNDECLARED_SELECTOR = YES;
				GCC_WARN_UNINITIALIZED_AUTOS = YES_AGGRESSIVE;
				GCC_WARN_UNUSED_FUNCTION = YES;
				GCC_WARN_UNUSED_VARIABLE = YES;
				IPHONEOS_DEPLOYMENT_TARGET = 17.4;
				LOCALIZATION_PREFERS_STRING_CATALOGS = YES;
				MTL_ENABLE_DEBUG_INFO = NO;
				MTL_FAST_MATH = YES;
				SDKROOT = iphoneos;
				SWIFT_COMPILATION_MODE = wholemodule;
				VALIDATE_PRODUCT = YES;
			};
			name = Release;
		};
		78FB15982BCBA455009C02EB /* Debug */ = {
			isa = XCBuildConfiguration;
			buildSettings = {
				ASSETCATALOG_COMPILER_APPICON_NAME = AppIcon;
				ASSETCATALOG_COMPILER_GLOBAL_ACCENT_COLOR_NAME = AccentColor;
				CODE_SIGN_STYLE = Automatic;
				CURRENT_PROJECT_VERSION = 1;
				DEVELOPMENT_ASSET_PATHS = "\"Greetings/Preview Content\"";
				DEVELOPMENT_TEAM = 8MMCMYL237;
				ENABLE_PREVIEWS = YES;
				GENERATE_INFOPLIST_FILE = YES;
				INFOPLIST_KEY_UIApplicationSceneManifest_Generation = YES;
				INFOPLIST_KEY_UIApplicationSupportsIndirectInputEvents = YES;
				INFOPLIST_KEY_UILaunchScreen_Generation = YES;
				INFOPLIST_KEY_UISupportedInterfaceOrientations_iPad = "UIInterfaceOrientationPortrait UIInterfaceOrientationPortraitUpsideDown UIInterfaceOrientationLandscapeLeft UIInterfaceOrientationLandscapeRight";
				INFOPLIST_KEY_UISupportedInterfaceOrientations_iPhone = "UIInterfaceOrientationPortrait UIInterfaceOrientationLandscapeLeft UIInterfaceOrientationLandscapeRight";
				LD_RUNPATH_SEARCH_PATHS = (
					"$(inherited)",
					"@executable_path/Frameworks",
				);
				MARKETING_VERSION = 1.0;
				PRODUCT_BUNDLE_IDENTIFIER = com.GuySteinberg.Greetings;
				PRODUCT_NAME = "$(TARGET_NAME)";
				SWIFT_EMIT_LOC_STRINGS = YES;
				SWIFT_VERSION = 5.0;
				TARGETED_DEVICE_FAMILY = "1,2";
			};
			name = Debug;
		};
		78FB15992BCBA455009C02EB /* Release */ = {
			isa = XCBuildConfiguration;
			buildSettings = {
				ASSETCATALOG_COMPILER_APPICON_NAME = AppIcon;
				ASSETCATALOG_COMPILER_GLOBAL_ACCENT_COLOR_NAME = AccentColor;
				CODE_SIGN_STYLE = Automatic;
				CURRENT_PROJECT_VERSION = 1;
				DEVELOPMENT_ASSET_PATHS = "\"Greetings/Preview Content\"";
				DEVELOPMENT_TEAM = 8MMCMYL237;
				ENABLE_PREVIEWS = YES;
				GENERATE_INFOPLIST_FILE = YES;
				INFOPLIST_KEY_UIApplicationSceneManifest_Generation = YES;
				INFOPLIST_KEY_UIApplicationSupportsIndirectInputEvents = YES;
				INFOPLIST_KEY_UILaunchScreen_Generation = YES;
				INFOPLIST_KEY_UISupportedInterfaceOrientations_iPad = "UIInterfaceOrientationPortrait UIInterfaceOrientationPortraitUpsideDown UIInterfaceOrientationLandscapeLeft UIInterfaceOrientationLandscapeRight";
				INFOPLIST_KEY_UISupportedInterfaceOrientations_iPhone = "UIInterfaceOrientationPortrait UIInterfaceOrientationLandscapeLeft UIInterfaceOrientationLandscapeRight";
				LD_RUNPATH_SEARCH_PATHS = (
					"$(inherited)",
					"@executable_path/Frameworks",
				);
				MARKETING_VERSION = 1.0;
				PRODUCT_BUNDLE_IDENTIFIER = com.GuySteinberg.Greetings;
				PRODUCT_NAME = "$(TARGET_NAME)";
				SWIFT_EMIT_LOC_STRINGS = YES;
				SWIFT_VERSION = 5.0;
				TARGETED_DEVICE_FAMILY = "1,2";
			};
			name = Release;
		};
/* End XCBuildConfiguration section */

/* Begin XCConfigurationList section */
		78FB15842BCBA452009C02EB /* Build configuration list for PBXProject "Greetings" */ = {
			isa = XCConfigurationList;
			buildConfigurations = (
				78FB15952BCBA455009C02EB /* Debug */,
				78FB15962BCBA455009C02EB /* Release */,
			);
			defaultConfigurationIsVisible = 0;
			defaultConfigurationName = Release;
		};
		78FB15972BCBA455009C02EB /* Build configuration list for PBXNativeTarget "Greetings" */ = {
			isa = XCConfigurationList;
			buildConfigurations = (
				78FB15982BCBA455009C02EB /* Debug */,
				78FB15992BCBA455009C02EB /* Release */,
			);
			defaultConfigurationIsVisible = 0;
			defaultConfigurationName = Release;
		};
/* End XCConfigurationList section */
	};
	rootObject = 78FB15812BCBA452009C02EB /* Project object */;
}
